
Microsoft Visual Studio Solution File, Format Version 12.00
# Visual Studio Version 17
VisualStudioVersion = 17.4.33213.308
MinimumVisualStudioVersion = 10.0.40219.1
Project("{9A19103F-16F7-4668-BE54-9A1E7A4F7556}") = "EstudosMVC", "EstudosMVC\EstudosMVC.csproj", "{9A858873-1C6A-40DB-9013-8CC36C040BDD}"
EndProject
Project("{9A19103F-16F7-4668-BE54-9A1E7A4F7556}") = "CursoAPI", "CursoAPI\CursoAPI.csproj", "{59831E16-6A8D-434C-B44B-06DE37A755CA}"
EndProject
Project("{FAE04EC0-301F-11D3-BF4B-00C04F79EFBC}") = "CursoTest", "CursoTest\CursoTest.csproj", "{5C94A3FB-5ED3-499E-8F53-BA3BBEBAACB6}"
EndProject
Global
	GlobalSection(SolutionConfigurationPlatforms) = preSolution
		Debug|Any CPU = Debug|Any CPU
		Release|Any CPU = Release|Any CPU
	EndGlobalSection
	GlobalSection(ProjectConfigurationPlatforms) = postSolution
		{9A858873-1C6A-40DB-9013-8CC36C040BDD}.Debug|Any CPU.ActiveCfg = Debug|Any CPU
		{9A858873-1C6A-40DB-9013-8CC36C040BDD}.Debug|Any CPU.Build.0 = Debug|Any CPU
		{9A858873-1C6A-40DB-9013-8CC36C040BDD}.Release|Any CPU.ActiveCfg = Release|Any CPU
		{9A858873-1C6A-40DB-9013-8CC36C040BDD}.Release|Any CPU.Build.0 = Release|Any CPU
		{59831E16-6A8D-434C-B44B-06DE37A755CA}.Debug|Any CPU.ActiveCfg = Debug|Any CPU
		{59831E16-6A8D-434C-B44B-06DE37A755CA}.Debug|Any CPU.Build.0 = Debug|Any CPU
		{59831E16-6A8D-434C-B44B-06DE37A755CA}.Release|Any CPU.ActiveCfg = Release|Any CPU
		{59831E16-6A8D-434C-B44B-06DE37A755CA}.Release|Any CPU.Build.0 = Release|Any CPU
		{5C94A3FB-5ED3-499E-8F53-BA3BBEBAACB6}.Debug|Any CPU.ActiveCfg = Debug|Any CPU
		{5C94A3FB-5ED3-499E-8F53-BA3BBEBAACB6}.Debug|Any CPU.Build.0 = Debug|Any CPU
		{5C94A3FB-5ED3-499E-8F53-BA3BBEBAACB6}.Release|Any CPU.ActiveCfg = Release|Any CPU
		{5C94A3FB-5ED3-499E-8F53-BA3BBEBAACB6}.Release|Any CPU.Build.0 = Release|Any CPU
	EndGlobalSection
	GlobalSection(SolutionProperties) = preSolution
		HideSolutionNode = FALSE
	EndGlobalSection
	GlobalSection(ExtensibilityGlobals) = postSolution
		SolutionGuid = {FBDE8934-E225-4DD7-8C35-64C53172EEF4}
	EndGlobalSection
EndGlobal
